
Microsoft Visual Studio Solution File, Format Version 12.00
# Visual Studio Version 17
VisualStudioVersion = 17.1.32319.34
MinimumVisualStudioVersion = 10.0.40219.1
Project("{FAE04EC0-301F-11D3-BF4B-00C04F79EFBC}") = "ReactCRUDAPI", "ReactCRUDAPI\ReactCRUDAPI.csproj", "{E0512CA9-964A-4C61-986C-614EC5C0E9FC}"
EndProject
Global
	GlobalSection(SolutionConfigurationPlatforms) = preSolution
		Debug|Any CPU = Debug|Any CPU
		Release|Any CPU = Release|Any CPU
	EndGlobalSection
	GlobalSection(ProjectConfigurationPlatforms) = postSolution
		{E0512CA9-964A-4C61-986C-614EC5C0E9FC}.Debug|Any CPU.ActiveCfg = Debug|Any CPU
		{E0512CA9-964A-4C61-986C-614EC5C0E9FC}.Debug|Any CPU.Build.0 = Debug|Any CPU
		{E0512CA9-964A-4C61-986C-614EC5C0E9FC}.Release|Any CPU.ActiveCfg = Release|Any CPU
		{E0512CA9-964A-4C61-986C-614EC5C0E9FC}.Release|Any CPU.Build.0 = Release|Any CPU
	EndGlobalSection
	GlobalSection(SolutionProperties) = preSolution
		HideSolutionNode = FALSE
	EndGlobalSection
	GlobalSection(ExtensibilityGlobals) = postSolution
		SolutionGuid = {C0BAE91A-F932-4D1B-B570-5249D7C32C8E}
	EndGlobalSection
EndGlobal
